{
  "name": "standalone-web-chess",
  "version": "0.0.1",
  "lockfileVersion": 2,
  "requires": true,
  "packages": {
    "": {
      "name": "standalone-web-chess",
      "version": "0.0.1",
      "license": "GPL-3.0",
      "dependencies": {
        "chess.js": "^1.0.0-beta.2",
        "chessground": "^8.3.7",
        "stockfish.wasm": "^0.10.0"
      },
      "devDependencies": {
        "@types/chess.js": "^0.13.4",
        "prettier": "2.8.3",
        "typescript": "^5.0.0-beta"
      }
    },
    "node_modules/@types/chess.js": {
      "version": "0.13.4",
      "resolved": "https://registry.npmjs.org/@types/chess.js/-/chess.js-0.13.4.tgz",
      "integrity": "sha512-rPmTVffnepx/TVe9ZzOf8bXxyCkYQ+h+VTSiI4JKjoKWzCFkPgPRJL7Cz15qslksOcVGEYCPYLbG0NLO4yzbrg==",
      "dev": true
    },
    "node_modules/chess.js": {
      "version": "1.0.0-beta.2",
      "resolved": "https://registry.npmjs.org/chess.js/-/chess.js-1.0.0-beta.2.tgz",
      "integrity": "sha512-B8G0PpTTUWvc5vRZDHmV9U+2i5+N583o+irxZwVNIVleXUBrkZC1TEdp6kMsnEs/QmhOHbKrmAr+8nz7zZOs6g=="
    },
    "node_modules/chessground": {
      "version": "8.3.7",
      "resolved": "https://registry.npmjs.org/chessground/-/chessground-8.3.7.tgz",
      "integrity": "sha512-5CIuml9i6XpucZiYSIy4QB8OAqh3gsWaxyfnAYk+7C6PK34DFslI5dqWaWSrk/KtNEdQnmEfa8mqAn4tVsTiZA==",
      "funding": {
        "url": "https://lichess.org/patron"
      }
    },
    "node_modules/prettier": {
      "version": "2.8.3",
      "resolved": "https://registry.npmjs.org/prettier/-/prettier-2.8.3.tgz",
      "integrity": "sha512-tJ/oJ4amDihPoufT5sM0Z1SKEuKay8LfVAMlbbhnnkvt6BUserZylqo2PN+p9KeljLr0OHa2rXHU1T8reeoTrw==",
      "dev": true,
      "bin": {
        "prettier": "bin-prettier.js"
      },
      "engines": {
        "node": ">=10.13.0"
      },
      "funding": {
        "url": "https://github.com/prettier/prettier?sponsor=1"
      }
    },
    "node_modules/stockfish.wasm": {
      "version": "0.10.0",
      "resolved": "https://registry.npmjs.org/stockfish.wasm/-/stockfish.wasm-0.10.0.tgz",
      "integrity": "sha512-OTvOlz0ijCSmIb/YvOZ1Dn6vwZVS4Ge3N+RcV0d2b6LXUtCJ9UwmBHypRW3DZ+VXf8WNm7E3P+6jMTVvb3QaBg=="
    },
    "node_modules/typescript": {
      "version": "5.0.0-beta",
      "resolved": "https://registry.npmjs.org/typescript/-/typescript-5.0.0-beta.tgz",
      "integrity": "sha512-+SSabbSXG5mtF+QGdV9uXXt9Saq1cSyI6hSG7znhaLoquleJpnmfkwSxFngK9c2fWWi1W/263TuzXQOsIcdjjA==",
      "dev": true,
      "bin": {
        "tsc": "bin/tsc",
        "tsserver": "bin/tsserver"
      },
      "engines": {
        "node": ">=4.2.0"
      }
    }
  },
  "dependencies": {
    "@types/chess.js": {
      "version": "0.13.4",
      "resolved": "https://registry.npmjs.org/@types/chess.js/-/chess.js-0.13.4.tgz",
      "integrity": "sha512-rPmTVffnepx/TVe9ZzOf8bXxyCkYQ+h+VTSiI4JKjoKWzCFkPgPRJL7Cz15qslksOcVGEYCPYLbG0NLO4yzbrg==",
      "dev": true
    },
    "chess.js": {
      "version": "1.0.0-beta.2",
      "resolved": "https://registry.npmjs.org/chess.js/-/chess.js-1.0.0-beta.2.tgz",
      "integrity": "sha512-B8G0PpTTUWvc5vRZDHmV9U+2i5+N583o+irxZwVNIVleXUBrkZC1TEdp6kMsnEs/QmhOHbKrmAr+8nz7zZOs6g=="
    },
    "chessground": {
      "version": "8.3.7",
      "resolved": "https://registry.npmjs.org/chessground/-/chessground-8.3.7.tgz",
      "integrity": "sha512-5CIuml9i6XpucZiYSIy4QB8OAqh3gsWaxyfnAYk+7C6PK34DFslI5dqWaWSrk/KtNEdQnmEfa8mqAn4tVsTiZA=="
    },
    "prettier": {
      "version": "2.8.3",
      "resolved": "https://registry.npmjs.org/prettier/-/prettier-2.8.3.tgz",
      "integrity": "sha512-tJ/oJ4amDihPoufT5sM0Z1SKEuKay8LfVAMlbbhnnkvt6BUserZylqo2PN+p9KeljLr0OHa2rXHU1T8reeoTrw==",
      "dev": true
    },
    "stockfish.wasm": {
      "version": "0.10.0",
      "resolved": "https://registry.npmjs.org/stockfish.wasm/-/stockfish.wasm-0.10.0.tgz",
      "integrity": "sha512-OTvOlz0ijCSmIb/YvOZ1Dn6vwZVS4Ge3N+RcV0d2b6LXUtCJ9UwmBHypRW3DZ+VXf8WNm7E3P+6jMTVvb3QaBg=="
    },
    "typescript": {
      "version": "5.0.0-beta",
      "resolved": "https://registry.npmjs.org/typescript/-/typescript-5.0.0-beta.tgz",
      "integrity": "sha512-+SSabbSXG5mtF+QGdV9uXXt9Saq1cSyI6hSG7znhaLoquleJpnmfkwSxFngK9c2fWWi1W/263TuzXQOsIcdjjA==",
      "dev": true
    }
  }
}
